// !$*UTF8*$!
{
	archiveVersion = 1;
	classes = {
	};
	objectVersion = 50;
	objects = {

/* Begin PBXBuildFile section */
		E7E0274A27DF606C002B22BA /* AppDelegate.swift in Sources */ = {isa = PBXBuildFile; fileRef = E7E0274927DF606C002B22BA /* AppDelegate.swift */; };
		E7E0274C27DF606C002B22BA /* SceneDelegate.swift in Sources */ = {isa = PBXBuildFile; fileRef = E7E0274B27DF606C002B22BA /* SceneDelegate.swift */; };
		E7E0274E27DF606C002B22BA /* SearchViewController.swift in Sources */ = {isa = PBXBuildFile; fileRef = E7E0274D27DF606C002B22BA /* SearchViewController.swift */; };
		E7E0275127DF606C002B22BA /* Main.storyboard in Resources */ = {isa = PBXBuildFile; fileRef = E7E0274F27DF606C002B22BA /* Main.storyboard */; };
		E7E0275327DF606D002B22BA /* Assets.xcassets in Resources */ = {isa = PBXBuildFile; fileRef = E7E0275227DF606D002B22BA /* Assets.xcassets */; };
		E7E0275627DF606D002B22BA /* LaunchScreen.storyboard in Resources */ = {isa = PBXBuildFile; fileRef = E7E0275427DF606D002B22BA /* LaunchScreen.storyboard */; };
		E7E0275F27DF777D002B22BA /* CustomCell.swift in Sources */ = {isa = PBXBuildFile; fileRef = E7E0275D27DF777D002B22BA /* CustomCell.swift */; };
		E7E0276027DF777D002B22BA /* CustomCell.xib in Resources */ = {isa = PBXBuildFile; fileRef = E7E0275E27DF777D002B22BA /* CustomCell.xib */; };
		E7E0276427E0D8ED002B22BA /* ImageStruct.swift in Sources */ = {isa = PBXBuildFile; fileRef = E7E0276327E0D8ED002B22BA /* ImageStruct.swift */; };
		E7FE2B6727ECE854009C8270 /* Presenter.swift in Sources */ = {isa = PBXBuildFile; fileRef = E7FE2B6627ECE854009C8270 /* Presenter.swift */; };
/* End PBXBuildFile section */

/* Begin PBXFileReference section */
		E7E0274627DF606C002B22BA /* SearchApp.app */ = {isa = PBXFileReference; explicitFileType = wrapper.application; includeInIndex = 0; path = SearchApp.app; sourceTree = BUILT_PRODUCTS_DIR; };
		E7E0274927DF606C002B22BA /* AppDelegate.swift */ = {isa = PBXFileReference; lastKnownFileType = sourcecode.swift; path = AppDelegate.swift; sourceTree = "<group>"; };
		E7E0274B27DF606C002B22BA /* SceneDelegate.swift */ = {isa = PBXFileReference; lastKnownFileType = sourcecode.swift; path = SceneDelegate.swift; sourceTree = "<group>"; };
		E7E0274D27DF606C002B22BA /* SearchViewController.swift */ = {isa = PBXFileReference; lastKnownFileType = sourcecode.swift; path = SearchViewController.swift; sourceTree = "<group>"; };
		E7E0275027DF606C002B22BA /* Base */ = {isa = PBXFileReference; lastKnownFileType = file.storyboard; name = Base; path = Base.lproj/Main.storyboard; sourceTree = "<group>"; };
		E7E0275227DF606D002B22BA /* Assets.xcassets */ = {isa = PBXFileReference; lastKnownFileType = folder.assetcatalog; path = Assets.xcassets; sourceTree = "<group>"; };
		E7E0275527DF606D002B22BA /* Base */ = {isa = PBXFileReference; lastKnownFileType = file.storyboard; name = Base; path = Base.lproj/LaunchScreen.storyboard; sourceTree = "<group>"; };
		E7E0275727DF606D002B22BA /* Info.plist */ = {isa = PBXFileReference; lastKnownFileType = text.plist.xml; path = Info.plist; sourceTree = "<group>"; };
		E7E0275D27DF777D002B22BA /* CustomCell.swift */ = {isa = PBXFileReference; lastKnownFileType = sourcecode.swift; path = CustomCell.swift; sourceTree = "<group>"; };
		E7E0275E27DF777D002B22BA /* CustomCell.xib */ = {isa = PBXFileReference; lastKnownFileType = file.xib; path = CustomCell.xib; sourceTree = "<group>"; };
		E7E0276327E0D8ED002B22BA /* ImageStruct.swift */ = {isa = PBXFileReference; lastKnownFileType = sourcecode.swift; path = ImageStruct.swift; sourceTree = "<group>"; };
		E7FE2B6627ECE854009C8270 /* Presenter.swift */ = {isa = PBXFileReference; lastKnownFileType = sourcecode.swift; path = Presenter.swift; sourceTree = "<group>"; };
/* End PBXFileReference section */

/* Begin PBXFrameworksBuildPhase section */
		E7E0274327DF606C002B22BA /* Frameworks */ = {
			isa = PBXFrameworksBuildPhase;
			buildActionMask = 2147483647;
			files = (
			);
			runOnlyForDeploymentPostprocessing = 0;
		};
/* End PBXFrameworksBuildPhase section */

/* Begin PBXGroup section */
		E72FFC7227E60A6F00C957EE /* Models */ = {
			isa = PBXGroup;
			children = (
				E7E0276327E0D8ED002B22BA /* ImageStruct.swift */,
			);
			path = Models;
			sourceTree = "<group>";
		};
		E72FFC7427E60A9400C957EE /* ViewModel */ = {
			isa = PBXGroup;
			children = (
				E7E0274D27DF606C002B22BA /* SearchViewController.swift */,
			);
			path = ViewModel;
			sourceTree = "<group>";
		};
		E72FFC7527E60A9E00C957EE /* Views */ = {
			isa = PBXGroup;
			children = (
				E7E0275D27DF777D002B22BA /* CustomCell.swift */,
				E7E0275E27DF777D002B22BA /* CustomCell.xib */,
				E72FFC7627E60AFC00C957EE /* Storyboards */,
			);
			path = Views;
			sourceTree = "<group>";
		};
		E72FFC7627E60AFC00C957EE /* Storyboards */ = {
			isa = PBXGroup;
			children = (
				E7E0274F27DF606C002B22BA /* Main.storyboard */,
				E7E0275427DF606D002B22BA /* LaunchScreen.storyboard */,
			);
			path = Storyboards;
			sourceTree = "<group>";
		};
		E7E0273D27DF606C002B22BA = {
			isa = PBXGroup;
			children = (
				E7E0274827DF606C002B22BA /* SearchApp */,
				E7E0274727DF606C002B22BA /* Products */,
			);
			sourceTree = "<group>";
		};
		E7E0274727DF606C002B22BA /* Products */ = {
			isa = PBXGroup;
			children = (
				E7E0274627DF606C002B22BA /* SearchApp.app */,
			);
			name = Products;
			sourceTree = "<group>";
		};
		E7E0274827DF606C002B22BA /* SearchApp */ = {
			isa = PBXGroup;
			children = (
				E7FE2B6527ECE830009C8270 /* Presenter */,
				E72FFC7527E60A9E00C957EE /* Views */,
				E72FFC7427E60A9400C957EE /* ViewModel */,
				E72FFC7227E60A6F00C957EE /* Models */,
				E7E0274927DF606C002B22BA /* AppDelegate.swift */,
				E7E0274B27DF606C002B22BA /* SceneDelegate.swift */,
				E7E0275227DF606D002B22BA /* Assets.xcassets */,
				E7E0275727DF606D002B22BA /* Info.plist */,
			);
			path = SearchApp;
			sourceTree = "<group>";
		};
		E7FE2B6527ECE830009C8270 /* Presenter */ = {
			isa = PBXGroup;
			children = (
				E7FE2B6627ECE854009C8270 /* Presenter.swift */,
			);
			path = Presenter;
			sourceTree = "<group>";
		};
/* End PBXGroup section */

/* Begin PBXNativeTarget section */
		E7E0274527DF606C002B22BA /* SearchApp */ = {
			isa = PBXNativeTarget;
			buildConfigurationList = E7E0275A27DF606D002B22BA /* Build configuration list for PBXNativeTarget "SearchApp" */;
			buildPhases = (
				E7E0274227DF606C002B22BA /* Sources */,
				E7E0274327DF606C002B22BA /* Frameworks */,
				E7E0274427DF606C002B22BA /* Resources */,
			);
			buildRules = (
			);
			dependencies = (
			);
			name = SearchApp;
			productName = SearchApp;
			productReference = E7E0274627DF606C002B22BA /* SearchApp.app */;
			productType = "com.apple.product-type.application";
		};
/* End PBXNativeTarget section */

/* Begin PBXProject section */
		E7E0273E27DF606C002B22BA /* Project object */ = {
			isa = PBXProject;
			attributes = {
				LastSwiftUpdateCheck = 1250;
				LastUpgradeCheck = 1250;
				TargetAttributes = {
					E7E0274527DF606C002B22BA = {
						CreatedOnToolsVersion = 12.5;
					};
				};
			};
			buildConfigurationList = E7E0274127DF606C002B22BA /* Build configuration list for PBXProject "SearchApp" */;
			compatibilityVersion = "Xcode 9.3";
			developmentRegion = en;
			hasScannedForEncodings = 0;
			knownRegions = (
				en,
				Base,
			);
			mainGroup = E7E0273D27DF606C002B22BA;
			productRefGroup = E7E0274727DF606C002B22BA /* Products */;
			projectDirPath = "";
			projectRoot = "";
			targets = (
				E7E0274527DF606C002B22BA /* SearchApp */,
			);
		};
/* End PBXProject section */

/* Begin PBXResourcesBuildPhase section */
		E7E0274427DF606C002B22BA /* Resources */ = {
			isa = PBXResourcesBuildPhase;
			buildActionMask = 2147483647;
			files = (
				E7E0275627DF606D002B22BA /* LaunchScreen.storyboard in Resources */,
				E7E0275327DF606D002B22BA /* Assets.xcassets in Resources */,
				E7E0276027DF777D002B22BA /* CustomCell.xib in Resources */,
				E7E0275127DF606C002B22BA /* Main.storyboard in Resources */,
			);
			runOnlyForDeploymentPostprocessing = 0;
		};
/* End PBXResourcesBuildPhase section */

/* Begin PBXSourcesBuildPhase section */
		E7E0274227DF606C002B22BA /* Sources */ = {
			isa = PBXSourcesBuildPhase;
			buildActionMask = 2147483647;
			files = (
				E7FE2B6727ECE854009C8270 /* Presenter.swift in Sources */,
				E7E0274E27DF606C002B22BA /* SearchViewController.swift in Sources */,
				E7E0274A27DF606C002B22BA /* AppDelegate.swift in Sources */,
				E7E0275F27DF777D002B22BA /* CustomCell.swift in Sources */,
				E7E0276427E0D8ED002B22BA /* ImageStruct.swift in Sources */,
				E7E0274C27DF606C002B22BA /* SceneDelegate.swift in Sources */,
			);
			runOnlyForDeploymentPostprocessing = 0;
		};
/* End PBXSourcesBuildPhase section */

/* Begin PBXVariantGroup section */
		E7E0274F27DF606C002B22BA /* Main.storyboard */ = {
			isa = PBXVariantGroup;
			children = (
				E7E0275027DF606C002B22BA /* Base */,
			);
			name = Main.storyboard;
			sourceTree = "<group>";
		};
		E7E0275427DF606D002B22BA /* LaunchScreen.storyboard */ = {
			isa = PBXVariantGroup;
			children = (
				E7E0275527DF606D002B22BA /* Base */,
			);
			name = LaunchScreen.storyboard;
			sourceTree = "<group>";
		};
/* End PBXVariantGroup section */

/* Begin XCBuildConfiguration section */
		E7E0275827DF606D002B22BA /* Debug */ = {
			isa = XCBuildConfiguration;
			buildSettings = {
				ALWAYS_SEARCH_USER_PATHS = NO;
				CLANG_ANALYZER_NONNULL = YES;
				CLANG_ANALYZER_NUMBER_OBJECT_CONVERSION = YES_AGGRESSIVE;
				CLANG_CXX_LANGUAGE_STANDARD = "gnu++14";
				CLANG_CXX_LIBRARY = "libc++";
				CLANG_ENABLE_MODULES = YES;
				CLANG_ENABLE_OBJC_ARC = YES;
				CLANG_ENABLE_OBJC_WEAK = YES;
				CLANG_WARN_BLOCK_CAPTURE_AUTORELEASING = YES;
				CLANG_WARN_BOOL_CONVERSION = YES;
				CLANG_WARN_COMMA = YES;
				CLANG_WARN_CONSTANT_CONVERSION = YES;
				CLANG_WARN_DEPRECATED_OBJC_IMPLEMENTATIONS = YES;
				CLANG_WARN_DIRECT_OBJC_ISA_USAGE = YES_ERROR;
				CLANG_WARN_DOCUMENTATION_COMMENTS = YES;
				CLANG_WARN_EMPTY_BODY = YES;
				CLANG_WARN_ENUM_CONVERSION = YES;
				CLANG_WARN_INFINITE_RECURSION = YES;
				CLANG_WARN_INT_CONVERSION = YES;
				CLANG_WARN_NON_LITERAL_NULL_CONVERSION = YES;
				CLANG_WARN_OBJC_IMPLICIT_RETAIN_SELF = YES;
				CLANG_WARN_OBJC_LITERAL_CONVERSION = YES;
				CLANG_WARN_OBJC_ROOT_CLASS = YES_ERROR;
				CLANG_WARN_QUOTED_INCLUDE_IN_FRAMEWORK_HEADER = YES;
				CLANG_WARN_RANGE_LOOP_ANALYSIS = YES;
				CLANG_WARN_STRICT_PROTOTYPES = YES;
				CLANG_WARN_SUSPICIOUS_MOVE = YES;
				CLANG_WARN_UNGUARDED_AVAILABILITY = YES_AGGRESSIVE;
				CLANG_WARN_UNREACHABLE_CODE = YES;
				CLANG_WARN__DUPLICATE_METHOD_MATCH = YES;
				COPY_PHASE_STRIP = NO;
				DEBUG_INFORMATION_FORMAT = dwarf;
				ENABLE_STRICT_OBJC_MSGSEND = YES;
				ENABLE_TESTABILITY = YES;
				GCC_C_LANGUAGE_STANDARD = gnu11;
				GCC_DYNAMIC_NO_PIC = NO;
				GCC_NO_COMMON_BLOCKS = YES;
				GCC_OPTIMIZATION_LEVEL = 0;
				GCC_PREPROCESSOR_DEFINITIONS = (
					"DEBUG=1",
					"$(inherited)",
				);
				GCC_WARN_64_TO_32_BIT_CONVERSION = YES;
				GCC_WARN_ABOUT_RETURN_TYPE = YES_ERROR;
				GCC_WARN_UNDECLARED_SELECTOR = YES;
				GCC_WARN_UNINITIALIZED_AUTOS = YES_AGGRESSIVE;
				GCC_WARN_UNUSED_FUNCTION = YES;
				GCC_WARN_UNUSED_VARIABLE = YES;
				IPHONEOS_DEPLOYMENT_TARGET = 14.5;
				MTL_ENABLE_DEBUG_INFO = INCLUDE_SOURCE;
				MTL_FAST_MATH = YES;
				ONLY_ACTIVE_ARCH = YES;
				SDKROOT = iphoneos;
				SWIFT_ACTIVE_COMPILATION_CONDITIONS = DEBUG;
				SWIFT_OPTIMIZATION_LEVEL = "-Onone";
			};
			name = Debug;
		};
		E7E0275927DF606D002B22BA /* Release */ = {
			isa = XCBuildConfiguration;
			buildSettings = {
				ALWAYS_SEARCH_USER_PATHS = NO;
				CLANG_ANALYZER_NONNULL = YES;
				CLANG_ANALYZER_NUMBER_OBJECT_CONVERSION = YES_AGGRESSIVE;
				CLANG_CXX_LANGUAGE_STANDARD = "gnu++14";
				CLANG_CXX_LIBRARY = "libc++";
				CLANG_ENABLE_MODULES = YES;
				CLANG_ENABLE_OBJC_ARC = YES;
				CLANG_ENABLE_OBJC_WEAK = YES;
				CLANG_WARN_BLOCK_CAPTURE_AUTORELEASING = YES;
				CLANG_WARN_BOOL_CONVERSION = YES;
				CLANG_WARN_COMMA = YES;
				CLANG_WARN_CONSTANT_CONVERSION = YES;
				CLANG_WARN_DEPRECATED_OBJC_IMPLEMENTATIONS = YES;
				CLANG_WARN_DIRECT_OBJC_ISA_USAGE = YES_ERROR;
				CLANG_WARN_DOCUMENTATION_COMMENTS = YES;
				CLANG_WARN_EMPTY_BODY = YES;
				CLANG_WARN_ENUM_CONVERSION = YES;
				CLANG_WARN_INFINITE_RECURSION = YES;
				CLANG_WARN_INT_CONVERSION = YES;
				CLANG_WARN_NON_LITERAL_NULL_CONVERSION = YES;
				CLANG_WARN_OBJC_IMPLICIT_RETAIN_SELF = YES;
				CLANG_WARN_OBJC_LITERAL_CONVERSION = YES;
				CLANG_WARN_OBJC_ROOT_CLASS = YES_ERROR;
				CLANG_WARN_QUOTED_INCLUDE_IN_FRAMEWORK_HEADER = YES;
				CLANG_WARN_RANGE_LOOP_ANALYSIS = YES;
				CLANG_WARN_STRICT_PROTOTYPES = YES;
				CLANG_WARN_SUSPICIOUS_MOVE = YES;
				CLANG_WARN_UNGUARDED_AVAILABILITY = YES_AGGRESSIVE;
				CLANG_WARN_UNREACHABLE_CODE = YES;
				CLANG_WARN__DUPLICATE_METHOD_MATCH = YES;
				COPY_PHASE_STRIP = NO;
				DEBUG_INFORMATION_FORMAT = "dwarf-with-dsym";
				ENABLE_NS_ASSERTIONS = NO;
				ENABLE_STRICT_OBJC_MSGSEND = YES;
				GCC_C_LANGUAGE_STANDARD = gnu11;
				GCC_NO_COMMON_BLOCKS = YES;
				GCC_WARN_64_TO_32_BIT_CONVERSION = YES;
				GCC_WARN_ABOUT_RETURN_TYPE = YES_ERROR;
				GCC_WARN_UNDECLARED_SELECTOR = YES;
				GCC_WARN_UNINITIALIZED_AUTOS = YES_AGGRESSIVE;
				GCC_WARN_UNUSED_FUNCTION = YES;
				GCC_WARN_UNUSED_VARIABLE = YES;
				IPHONEOS_DEPLOYMENT_TARGET = 14.5;
				MTL_ENABLE_DEBUG_INFO = NO;
				MTL_FAST_MATH = YES;
				SDKROOT = iphoneos;
				SWIFT_COMPILATION_MODE = wholemodule;
				SWIFT_OPTIMIZATION_LEVEL = "-O";
				VALIDATE_PRODUCT = YES;
			};
			name = Release;
		};
		E7E0275B27DF606D002B22BA /* Debug */ = {
			isa = XCBuildConfiguration;
			buildSettings = {
				ASSETCATALOG_COMPILER_APPICON_NAME = AppIcon;
				ASSETCATALOG_COMPILER_GLOBAL_ACCENT_COLOR_NAME = AccentColor;
				CODE_SIGN_STYLE = Automatic;
				INFOPLIST_FILE = SearchApp/Info.plist;
				LD_RUNPATH_SEARCH_PATHS = (
					"$(inherited)",
					"@executable_path/Frameworks",
				);
				PRODUCT_BUNDLE_IDENTIFIER = ru.Test.SearchApp;
				PRODUCT_NAME = "$(TARGET_NAME)";
				SWIFT_VERSION = 5.0;
				TARGETED_DEVICE_FAMILY = 1;
			};
			name = Debug;
		};
		E7E0275C27DF606D002B22BA /* Release */ = {
			isa = XCBuildConfiguration;
			buildSettings = {
				ASSETCATALOG_COMPILER_APPICON_NAME = AppIcon;
				ASSETCATALOG_COMPILER_GLOBAL_ACCENT_COLOR_NAME = AccentColor;
				CODE_SIGN_STYLE = Automatic;
				INFOPLIST_FILE = SearchApp/Info.plist;
				LD_RUNPATH_SEARCH_PATHS = (
					"$(inherited)",
					"@executable_path/Frameworks",
				);
				PRODUCT_BUNDLE_IDENTIFIER = ru.Test.SearchApp;
				PRODUCT_NAME = "$(TARGET_NAME)";
				SWIFT_VERSION = 5.0;
				TARGETED_DEVICE_FAMILY = 1;
			};
			name = Release;
		};
/* End XCBuildConfiguration section */

/* Begin XCConfigurationList section */
		E7E0274127DF606C002B22BA /* Build configuration list for PBXProject "SearchApp" */ = {
			isa = XCConfigurationList;
			buildConfigurations = (
				E7E0275827DF606D002B22BA /* Debug */,
				E7E0275927DF606D002B22BA /* Release */,
			);
			defaultConfigurationIsVisible = 0;
			defaultConfigurationName = Release;
		};
		E7E0275A27DF606D002B22BA /* Build configuration list for PBXNativeTarget "SearchApp" */ = {
			isa = XCConfigurationList;
			buildConfigurations = (
				E7E0275B27DF606D002B22BA /* Debug */,
				E7E0275C27DF606D002B22BA /* Release */,
			);
			defaultConfigurationIsVisible = 0;
			defaultConfigurationName = Release;
		};
/* End XCConfigurationList section */
	};
	rootObject = E7E0273E27DF606C002B22BA /* Project object */;
}
